
Microsoft Visual Studio Solution File, Format Version 12.00
# Visual Studio Version 17
VisualStudioVersion = 17.9.34728.123
MinimumVisualStudioVersion = 10.0.40219.1
Project("{FAE04EC0-301F-11D3-BF4B-00C04F79EFBC}") = "Wifi_Share", "Wifi_Share.csproj", "{CC386796-6F1C-4416-B51B-112E1C92349D}"
EndProject
Global
	GlobalSection(SolutionConfigurationPlatforms) = preSolution
		Debug|Any CPU = Debug|Any CPU
		Release|Any CPU = Release|Any CPU
	EndGlobalSection
	GlobalSection(ProjectConfigurationPlatforms) = postSolution
		{CC386796-6F1C-4416-B51B-112E1C92349D}.Debug|Any CPU.ActiveCfg = Debug|Any CPU
		{CC386796-6F1C-4416-B51B-112E1C92349D}.Debug|Any CPU.Build.0 = Debug|Any CPU
		{CC386796-6F1C-4416-B51B-112E1C92349D}.Release|Any CPU.ActiveCfg = Release|Any CPU
		{CC386796-6F1C-4416-B51B-112E1C92349D}.Release|Any CPU.Build.0 = Release|Any CPU
	EndGlobalSection
	GlobalSection(SolutionProperties) = preSolution
		HideSolutionNode = FALSE
	EndGlobalSection
	GlobalSection(ExtensibilityGlobals) = postSolution
		SolutionGuid = {5DEE619C-A9C4-4EAF-9A40-3E498176B8A5}
	EndGlobalSection
EndGlobal
