<?xml version="1.0" encoding="utf-8"?>
<Project DefaultTargets="Build" ToolsVersion="4.0" xmlns="http://schemas.microsoft.com/developer/msbuild/2003">
  <ItemGroup>
    <Filter Include="Source Files">
      <Extensions>cpp;c;cc;cxx;c++;cppm;ixx;def;odl;idl;hpj;bat;asm;asmx</Extensions>
      <UniqueIdentifier>{4FC737F1-C7A5-4376-A066-2A32D752A2FF}</UniqueIdentifier>
    </Filter>
    <Filter Include="Header Files">
      <Extensions>h;hh;hpp;hxx;h++;hm;inl;inc;ipp;xsd</Extensions>
      <UniqueIdentifier>{93995380-89BD-4B04-88EB-625FBE52EBFB}</UniqueIdentifier>
    </Filter>
    <Filter Include="Resource Files">
      <Extensions>rc;ico;cur;bmp;dlg;rc2;rct;bin;rgs;gif;jpg;jpeg;jpe;resx;tiff;tif;png;wav;mfcribbon-ms</Extensions>
      <UniqueIdentifier>{67DA6AB6-F800-4C08-8B7A-83BB121AAD01}</UniqueIdentifier>
    </Filter>
  </ItemGroup>
  <ItemGroup>
    <ClCompile Include=".\AboutDlg.cpp">
      <Filter>Source Files</Filter>
    </ClCompile>
    <ClCompile Include=".\AutoFont.cpp">
      <Filter>Source Files</Filter>
    </ClCompile>
    <ClCompile Include=".\ButtonEx.cpp">
      <Filter>Source Files</Filter>
    </ClCompile>
    <ClCompile Include=".\ExAPI.cpp">
      <Filter>Source Files</Filter>
    </ClCompile>
    <ClCompile Include=".\HyperLink.cpp">
      <Filter>Source Files</Filter>
    </ClCompile>
    <ClCompile Include=".\Icon_Extractor.cpp">
      <Filter>Source Files</Filter>
    </ClCompile>
    <ClCompile Include=".\Icon_ExtractorDlg.cpp">
      <Filter>Source Files</Filter>
    </ClCompile>
    <ClCompile Include=".\StaticEx.cpp">
      <Filter>Source Files</Filter>
    </ClCompile>
    <ClCompile Include=".\StdAfx.cpp">
      <Filter>Source Files</Filter>
    </ClCompile>
  </ItemGroup>
  <ItemGroup>
    <None Include=".\res\darkroyale.she">
      <Filter>Resource Files</Filter>
    </None>
    <None Include=".\res\Icon_Extractor.rc2">
      <Filter>Resource Files</Filter>
    </None>
    <None Include=".\res\UIStyle.manifest">
      <Filter>Resource Files</Filter>
    </None>
  </ItemGroup>
  <ItemGroup>
    <ClInclude Include=".\AboutDlg.h">
      <Filter>Header Files</Filter>
    </ClInclude>
    <ClInclude Include=".\AutoFont.h">
      <Filter>Header Files</Filter>
    </ClInclude>
    <ClInclude Include=".\ctrlEx.h">
      <Filter>Header Files</Filter>
    </ClInclude>
    <ClInclude Include=".\ExAPI.h">
      <Filter>Header Files</Filter>
    </ClInclude>
    <ClInclude Include=".\Icon_Extractor.h">
      <Filter>Header Files</Filter>
    </ClInclude>
    <ClInclude Include=".\Icon_ExtractorDlg.h">
      <Filter>Header Files</Filter>
    </ClInclude>
    <ClInclude Include=".\Resource.h">
      <Filter>Header Files</Filter>
    </ClInclude>
    <ClInclude Include=".\SkinH.h">
      <Filter>Header Files</Filter>
    </ClInclude>
    <ClInclude Include=".\StdAfx.h">
      <Filter>Header Files</Filter>
    </ClInclude>
  </ItemGroup>
  <ItemGroup>
    <ResourceCompile Include=".\Icon_Extractor.rc">
      <Filter>Source Files</Filter>
    </ResourceCompile>
  </ItemGroup>
  <ItemGroup>
    <Image Include=".\res\down.bmp">
      <Filter>Resource Files</Filter>
    </Image>
    <Image Include=".\res\Icon_Extractor.ico">
      <Filter>Resource Files</Filter>
    </Image>
    <Image Include=".\res\over.bmp">
      <Filter>Resource Files</Filter>
    </Image>
    <Image Include=".\res\up.bmp">
      <Filter>Resource Files</Filter>
    </Image>
    <Image Include="res\Icon Extractor.ico">
      <Filter>Resource Files</Filter>
    </Image>
  </ItemGroup>
</Project>